<?xml version="1.0" encoding="utf-8"?>
<Project ToolsVersion="4.0" xmlns="http://schemas.microsoft.com/developer/msbuild/2003">
  <ItemGroup>
    <Filter Include="Source Files">
      <UniqueIdentifier>{4FC737F1-C7A5-4376-A066-2A32D752A2FF}</UniqueIdentifier>
      <Extensions>cpp;c;cc;cxx;c++;cppm;ixx;def;odl;idl;hpj;bat;asm;asmx</Extensions>
    </Filter>
    <Filter Include="Header Files">
      <UniqueIdentifier>{93995380-89BD-4b04-88EB-625FBE52EBFB}</UniqueIdentifier>
      <Extensions>h;hh;hpp;hxx;h++;hm;inl;inc;ipp;xsd</Extensions>
    </Filter>
    <Filter Include="core">
      <UniqueIdentifier>{6a06987f-0fca-494e-9629-64ea5c53e67d}</UniqueIdentifier>
    </Filter>
    <Filter Include="service">
      <UniqueIdentifier>{307e02b3-d8af-448a-b08a-12382c8c6a13}</UniqueIdentifier>
    </Filter>
    <Filter Include="auth">
      <UniqueIdentifier>{1c700e7e-36b4-4007-b2d6-52fcae3103f2}</UniqueIdentifier>
    </Filter>
    <Filter Include="builders">
      <UniqueIdentifier>{4324cd1c-c280-4485-ba07-40c7b86b16d7}</UniqueIdentifier>
    </Filter>
    <Filter Include="UI">
      <UniqueIdentifier>{a7f1ae24-5979-4c3d-80f9-b7c707f634ee}</UniqueIdentifier>
    </Filter>
    <Filter Include="utils">
      <UniqueIdentifier>{658f2644-3d88-438b-83d2-5d00f5baf4ad}</UniqueIdentifier>
    </Filter>
    <Filter Include="Archivos">
      <UniqueIdentifier>{53c612d5-f751-467c-a2a4-8ca32788ef21}</UniqueIdentifier>
    </Filter>
  </ItemGroup>
  <ItemGroup>
    <ClInclude Include="Resource.h">
      <Filter>Header Files</Filter>
    </ClInclude>
    <ClInclude Include="pch.h">
      <Filter>Header Files</Filter>
    </ClInclude>
    <ClInclude Include="GestorMenu.h">
      <Filter>UI</Filter>
    </ClInclude>
    <ClInclude Include="Cliente.h">
      <Filter>core</Filter>
    </ClInclude>
    <ClInclude Include="Usuario.h">
      <Filter>core</Filter>
    </ClInclude>
    <ClInclude Include="Vendedor.h">
      <Filter>core</Filter>
    </ClInclude>
    <ClInclude Include="Pago.h">
      <Filter>core</Filter>
    </ClInclude>
    <ClInclude Include="Carrito.h">
      <Filter>core</Filter>
    </ClInclude>
    <ClInclude Include="Producto.h">
      <Filter>core</Filter>
    </ClInclude>
    <ClInclude Include="Comprobante.h">
      <Filter>core</Filter>
    </ClInclude>
    <ClInclude Include="Pedido.h">
      <Filter>core</Filter>
    </ClInclude>
    <ClInclude Include="Lista.h">
      <Filter>utils</Filter>
    </ClInclude>
    <ClInclude Include="Nodo.h">
      <Filter>utils</Filter>
    </ClInclude>
    <ClInclude Include="Pila.h">
      <Filter>utils</Filter>
    </ClInclude>
    <ClInclude Include="AuthUI.h">
      <Filter>UI</Filter>
    </ClInclude>
    <ClInclude Include="ClienteUI.h">
      <Filter>UI</Filter>
    </ClInclude>
    <ClInclude Include="VendedorUI.h">
      <Filter>UI</Filter>
    </ClInclude>
    <ClInclude Include="Auth.h">
      <Filter>auth</Filter>
    </ClInclude>
    <ClInclude Include="IniciarSesion.h">
      <Filter>auth</Filter>
    </ClInclude>
    <ClInclude Include="Registrar.h">
      <Filter>auth</Filter>
    </ClInclude>
    <ClInclude Include="UserBuilder.h">
      <Filter>builders</Filter>
    </ClInclude>
    <ClInclude Include="ClienteBuilder.h">
      <Filter>builders</Filter>
    </ClInclude>
    <ClInclude Include="VendedoresBuilder.h">
      <Filter>builders</Filter>
    </ClInclude>
    <ClInclude Include="UserRepository.h">
      <Filter>service</Filter>
    </ClInclude>
    <ClInclude Include="GestorDeArchivos.h">
      <Filter>Header Files</Filter>
    </ClInclude>
    <ClInclude Include="HashUtils.h">
      <Filter>Header Files</Filter>
    </ClInclude>
    <ClInclude Include="CompraService.h">
      <Filter>service</Filter>
    </ClInclude>
    <ClInclude Include="ProductoService.h">
      <Filter>service</Filter>
    </ClInclude>
    <ClInclude Include="Envio.h">
      <Filter>Header Files</Filter>
    </ClInclude>
    <ClInclude Include="UsuarioService.h">
      <Filter>service</Filter>
    </ClInclude>
    <ClInclude Include="idAleatorio.h">
      <Filter>utils</Filter>
    </ClInclude>
    <ClInclude Include="fechas.h">
      <Filter>utils</Filter>
    </ClInclude>
    <ClInclude Include="Cola.h">
      <Filter>utils</Filter>
    </ClInclude>
    <ClInclude Include="Ordenamiento.h">
      <Filter>utils</Filter>
    </ClInclude>
    <ClInclude Include="PedidoService.h">
      <Filter>service</Filter>
    </ClInclude>
  </ItemGroup>
  <ItemGroup>
    <ClCompile Include="GestionInventario_MarketPlace.cpp">
      <Filter>Source Files</Filter>
    </ClCompile>
    <ClCompile Include="AssemblyInfo.cpp">
      <Filter>Source Files</Filter>
    </ClCompile>
    <ClCompile Include="pch.cpp">
      <Filter>Source Files</Filter>
    </ClCompile>
  </ItemGroup>
  <ItemGroup>
    <Text Include="productos.txt">
      <Filter>Archivos</Filter>
    </Text>
    <Text Include="pedidos.txt" />
  </ItemGroup>
  <ItemGroup>
    <None Include="clientes.bin" />
    <None Include="vendedores.bin" />
  </ItemGroup>
</Project>